
Microsoft Visual Studio Solution File, Format Version 12.00
# Visual Studio Version 16
VisualStudioVersion = 16.0.31515.178
MinimumVisualStudioVersion = 10.0.40219.1
Project("{FAE04EC0-301F-11D3-BF4B-00C04F79EFBC}") = "Urban Planner", "Urban Planner\Urban Planner.csproj", "{CD18CB65-AB24-40ED-A9B8-B3065EF2B347}"
EndProject
Global
	GlobalSection(SolutionConfigurationPlatforms) = preSolution
		Debug|Any CPU = Debug|Any CPU
		Release|Any CPU = Release|Any CPU
	EndGlobalSection
	GlobalSection(ProjectConfigurationPlatforms) = postSolution
		{CD18CB65-AB24-40ED-A9B8-B3065EF2B347}.Debug|Any CPU.ActiveCfg = Debug|Any CPU
		{CD18CB65-AB24-40ED-A9B8-B3065EF2B347}.Debug|Any CPU.Build.0 = Debug|Any CPU
		{CD18CB65-AB24-40ED-A9B8-B3065EF2B347}.Release|Any CPU.ActiveCfg = Release|Any CPU
		{CD18CB65-AB24-40ED-A9B8-B3065EF2B347}.Release|Any CPU.Build.0 = Release|Any CPU
	EndGlobalSection
	GlobalSection(SolutionProperties) = preSolution
		HideSolutionNode = FALSE
	EndGlobalSection
	GlobalSection(ExtensibilityGlobals) = postSolution
		SolutionGuid = {E117B67C-07BE-449E-B9F0-ADEA73B2F8EE}
	EndGlobalSection
EndGlobal
